
Microsoft Visual Studio Solution File, Format Version 12.00
# Visual Studio 15
VisualStudioVersion = 15.0.27703.2035
MinimumVisualStudioVersion = 10.0.40219.1
Project("{FAE04EC0-301F-11D3-BF4B-00C04F79EFBC}") = "PsychoApp", "PsychoApp\PsychoApp.csproj", "{23544192-3B65-42DC-85CC-0A86078C83D1}"
EndProject
Global
	GlobalSection(SolutionConfigurationPlatforms) = preSolution
		Debug|Any CPU = Debug|Any CPU
		Release|Any CPU = Release|Any CPU
	EndGlobalSection
	GlobalSection(ProjectConfigurationPlatforms) = postSolution
		{23544192-3B65-42DC-85CC-0A86078C83D1}.Debug|Any CPU.ActiveCfg = Debug|Any CPU
		{23544192-3B65-42DC-85CC-0A86078C83D1}.Debug|Any CPU.Build.0 = Debug|Any CPU
		{23544192-3B65-42DC-85CC-0A86078C83D1}.Release|Any CPU.ActiveCfg = Release|Any CPU
		{23544192-3B65-42DC-85CC-0A86078C83D1}.Release|Any CPU.Build.0 = Release|Any CPU
	EndGlobalSection
	GlobalSection(SolutionProperties) = preSolution
		HideSolutionNode = FALSE
	EndGlobalSection
	GlobalSection(ExtensibilityGlobals) = postSolution
		SolutionGuid = {0BAE9E95-6CFA-45D6-9529-41C6DFD5622E}
	EndGlobalSection
EndGlobal
